// !$*UTF8*$!
{
	archiveVersion = 1;
	classes = {
	};
	objectVersion = 56;
	objects = {

/* Begin PBXBuildFile section */
		440A6BE12B410A1B006E760C /* WidgetKit.framework in Frameworks */ = {isa = PBXBuildFile; fileRef = 440A6BE02B410A1B006E760C /* WidgetKit.framework */; };
		440A6BE32B410A1B006E760C /* SwiftUI.framework in Frameworks */ = {isa = PBXBuildFile; fileRef = 440A6BE22B410A1B006E760C /* SwiftUI.framework */; };
		440A6BE62B410A1B006E760C /* widgetBundle.swift in Sources */ = {isa = PBXBuildFile; fileRef = 440A6BE52B410A1B006E760C /* widgetBundle.swift */; };
		440A6BE82B410A1B006E760C /* widget.swift in Sources */ = {isa = PBXBuildFile; fileRef = 440A6BE72B410A1B006E760C /* widget.swift */; };
		440A6BEA2B410A1B006E760C /* AppIntent.swift in Sources */ = {isa = PBXBuildFile; fileRef = 440A6BE92B410A1B006E760C /* AppIntent.swift */; };
		440A6BEC2B410A1C006E760C /* Assets.xcassets in Resources */ = {isa = PBXBuildFile; fileRef = 440A6BEB2B410A1C006E760C /* Assets.xcassets */; };
		440A6BF02B410A1C006E760C /* widgetExtension.appex in Embed Foundation Extensions */ = {isa = PBXBuildFile; fileRef = 440A6BDE2B410A1B006E760C /* widgetExtension.appex */; settings = {ATTRIBUTES = (RemoveHeadersOnCopy, ); }; };
		440A6BF72B420A4F006E760C /* SharedData.swift in Sources */ = {isa = PBXBuildFile; fileRef = 440A6BF62B420A4F006E760C /* SharedData.swift */; };
		440A6BF82B420A4F006E760C /* SharedData.swift in Sources */ = {isa = PBXBuildFile; fileRef = 440A6BF62B420A4F006E760C /* SharedData.swift */; };
		44A131F42B40E38F00D7DE42 /* interactive_widget_testApp.swift in Sources */ = {isa = PBXBuildFile; fileRef = 44A131F32B40E38F00D7DE42 /* interactive_widget_testApp.swift */; };
		44A131F62B40E38F00D7DE42 /* ContentView.swift in Sources */ = {isa = PBXBuildFile; fileRef = 44A131F52B40E38F00D7DE42 /* ContentView.swift */; };
		44A131F82B40E39000D7DE42 /* Assets.xcassets in Resources */ = {isa = PBXBuildFile; fileRef = 44A131F72B40E39000D7DE42 /* Assets.xcassets */; };
		44A131FB2B40E39000D7DE42 /* Preview Assets.xcassets in Resources */ = {isa = PBXBuildFile; fileRef = 44A131FA2B40E39000D7DE42 /* Preview Assets.xcassets */; };
/* End PBXBuildFile section */

/* Begin PBXContainerItemProxy section */
		440A6BEE2B410A1C006E760C /* PBXContainerItemProxy */ = {
			isa = PBXContainerItemProxy;
			containerPortal = 44A131E82B40E38E00D7DE42 /* Project object */;
			proxyType = 1;
			remoteGlobalIDString = 440A6BDD2B410A1B006E760C;
			remoteInfo = widgetExtension;
		};
/* End PBXContainerItemProxy section */

/* Begin PBXCopyFilesBuildPhase section */
		440A6BF42B410A1C006E760C /* Embed Foundation Extensions */ = {
			isa = PBXCopyFilesBuildPhase;
			buildActionMask = 2147483647;
			dstPath = "";
			dstSubfolderSpec = 13;
			files = (
				440A6BF02B410A1C006E760C /* widgetExtension.appex in Embed Foundation Extensions */,
			);
			name = "Embed Foundation Extensions";
			runOnlyForDeploymentPostprocessing = 0;
		};
/* End PBXCopyFilesBuildPhase section */

/* Begin PBXFileReference section */
		440A6BD92B41097A006E760C /* interactive-widget-test.entitlements */ = {isa = PBXFileReference; lastKnownFileType = text.plist.entitlements; path = "interactive-widget-test.entitlements"; sourceTree = "<group>"; };
		440A6BDE2B410A1B006E760C /* widgetExtension.appex */ = {isa = PBXFileReference; explicitFileType = "wrapper.app-extension"; includeInIndex = 0; path = widgetExtension.appex; sourceTree = BUILT_PRODUCTS_DIR; };
		440A6BE02B410A1B006E760C /* WidgetKit.framework */ = {isa = PBXFileReference; lastKnownFileType = wrapper.framework; name = WidgetKit.framework; path = System/Library/Frameworks/WidgetKit.framework; sourceTree = SDKROOT; };
		440A6BE22B410A1B006E760C /* SwiftUI.framework */ = {isa = PBXFileReference; lastKnownFileType = wrapper.framework; name = SwiftUI.framework; path = System/Library/Frameworks/SwiftUI.framework; sourceTree = SDKROOT; };
		440A6BE52B410A1B006E760C /* widgetBundle.swift */ = {isa = PBXFileReference; lastKnownFileType = sourcecode.swift; path = widgetBundle.swift; sourceTree = "<group>"; };
		440A6BE72B410A1B006E760C /* widget.swift */ = {isa = PBXFileReference; lastKnownFileType = sourcecode.swift; path = widget.swift; sourceTree = "<group>"; };
		440A6BE92B410A1B006E760C /* AppIntent.swift */ = {isa = PBXFileReference; lastKnownFileType = sourcecode.swift; path = AppIntent.swift; sourceTree = "<group>"; };
		440A6BEB2B410A1C006E760C /* Assets.xcassets */ = {isa = PBXFileReference; lastKnownFileType = folder.assetcatalog; path = Assets.xcassets; sourceTree = "<group>"; };
		440A6BED2B410A1C006E760C /* Info.plist */ = {isa = PBXFileReference; lastKnownFileType = text.plist.xml; path = Info.plist; sourceTree = "<group>"; };
		440A6BF52B410A73006E760C /* widgetExtension.entitlements */ = {isa = PBXFileReference; lastKnownFileType = text.plist.entitlements; path = widgetExtension.entitlements; sourceTree = "<group>"; };
		440A6BF62B420A4F006E760C /* SharedData.swift */ = {isa = PBXFileReference; lastKnownFileType = sourcecode.swift; path = SharedData.swift; sourceTree = "<group>"; };
		44A131F02B40E38F00D7DE42 /* interactive-widget-test.app */ = {isa = PBXFileReference; explicitFileType = wrapper.application; includeInIndex = 0; path = "interactive-widget-test.app"; sourceTree = BUILT_PRODUCTS_DIR; };
		44A131F32B40E38F00D7DE42 /* interactive_widget_testApp.swift */ = {isa = PBXFileReference; lastKnownFileType = sourcecode.swift; path = interactive_widget_testApp.swift; sourceTree = "<group>"; };
		44A131F52B40E38F00D7DE42 /* ContentView.swift */ = {isa = PBXFileReference; lastKnownFileType = sourcecode.swift; path = ContentView.swift; sourceTree = "<group>"; };
		44A131F72B40E39000D7DE42 /* Assets.xcassets */ = {isa = PBXFileReference; lastKnownFileType = folder.assetcatalog; path = Assets.xcassets; sourceTree = "<group>"; };
		44A131FA2B40E39000D7DE42 /* Preview Assets.xcassets */ = {isa = PBXFileReference; lastKnownFileType = folder.assetcatalog; path = "Preview Assets.xcassets"; sourceTree = "<group>"; };
/* End PBXFileReference section */

/* Begin PBXFrameworksBuildPhase section */
		440A6BDB2B410A1B006E760C /* Frameworks */ = {
			isa = PBXFrameworksBuildPhase;
			buildActionMask = 2147483647;
			files = (
				440A6BE32B410A1B006E760C /* SwiftUI.framework in Frameworks */,
				440A6BE12B410A1B006E760C /* WidgetKit.framework in Frameworks */,
			);
			runOnlyForDeploymentPostprocessing = 0;
		};
		44A131ED2B40E38F00D7DE42 /* Frameworks */ = {
			isa = PBXFrameworksBuildPhase;
			buildActionMask = 2147483647;
			files = (
			);
			runOnlyForDeploymentPostprocessing = 0;
		};
/* End PBXFrameworksBuildPhase section */

/* Begin PBXGroup section */
		440A6BDF2B410A1B006E760C /* Frameworks */ = {
			isa = PBXGroup;
			children = (
				440A6BE02B410A1B006E760C /* WidgetKit.framework */,
				440A6BE22B410A1B006E760C /* SwiftUI.framework */,
			);
			name = Frameworks;
			sourceTree = "<group>";
		};
		440A6BE42B410A1B006E760C /* widget */ = {
			isa = PBXGroup;
			children = (
				440A6BE52B410A1B006E760C /* widgetBundle.swift */,
				440A6BE72B410A1B006E760C /* widget.swift */,
				440A6BF62B420A4F006E760C /* SharedData.swift */,
				440A6BE92B410A1B006E760C /* AppIntent.swift */,
				440A6BEB2B410A1C006E760C /* Assets.xcassets */,
				440A6BED2B410A1C006E760C /* Info.plist */,
			);
			path = widget;
			sourceTree = "<group>";
		};
		44A131E72B40E38E00D7DE42 = {
			isa = PBXGroup;
			children = (
				440A6BF52B410A73006E760C /* widgetExtension.entitlements */,
				44A131F22B40E38F00D7DE42 /* interactive-widget-test */,
				440A6BE42B410A1B006E760C /* widget */,
				440A6BDF2B410A1B006E760C /* Frameworks */,
				44A131F12B40E38F00D7DE42 /* Products */,
			);
			sourceTree = "<group>";
		};
		44A131F12B40E38F00D7DE42 /* Products */ = {
			isa = PBXGroup;
			children = (
				44A131F02B40E38F00D7DE42 /* interactive-widget-test.app */,
				440A6BDE2B410A1B006E760C /* widgetExtension.appex */,
			);
			name = Products;
			sourceTree = "<group>";
		};
		44A131F22B40E38F00D7DE42 /* interactive-widget-test */ = {
			isa = PBXGroup;
			children = (
				440A6BD92B41097A006E760C /* interactive-widget-test.entitlements */,
				44A131F32B40E38F00D7DE42 /* interactive_widget_testApp.swift */,
				44A131F52B40E38F00D7DE42 /* ContentView.swift */,
				44A131F72B40E39000D7DE42 /* Assets.xcassets */,
				44A131F92B40E39000D7DE42 /* Preview Content */,
			);
			path = "interactive-widget-test";
			sourceTree = "<group>";
		};
		44A131F92B40E39000D7DE42 /* Preview Content */ = {
			isa = PBXGroup;
			children = (
				44A131FA2B40E39000D7DE42 /* Preview Assets.xcassets */,
			);
			path = "Preview Content";
			sourceTree = "<group>";
		};
/* End PBXGroup section */

/* Begin PBXNativeTarget section */
		440A6BDD2B410A1B006E760C /* widgetExtension */ = {
			isa = PBXNativeTarget;
			buildConfigurationList = 440A6BF12B410A1C006E760C /* Build configuration list for PBXNativeTarget "widgetExtension" */;
			buildPhases = (
				440A6BDA2B410A1B006E760C /* Sources */,
				440A6BDB2B410A1B006E760C /* Frameworks */,
				440A6BDC2B410A1B006E760C /* Resources */,
			);
			buildRules = (
			);
			dependencies = (
			);
			name = widgetExtension;
			productName = widgetExtension;
			productReference = 440A6BDE2B410A1B006E760C /* widgetExtension.appex */;
			productType = "com.apple.product-type.app-extension";
		};
		44A131EF2B40E38F00D7DE42 /* interactive-widget-test */ = {
			isa = PBXNativeTarget;
			buildConfigurationList = 44A131FE2B40E39000D7DE42 /* Build configuration list for PBXNativeTarget "interactive-widget-test" */;
			buildPhases = (
				44A131EC2B40E38F00D7DE42 /* Sources */,
				44A131ED2B40E38F00D7DE42 /* Frameworks */,
				44A131EE2B40E38F00D7DE42 /* Resources */,
				440A6BF42B410A1C006E760C /* Embed Foundation Extensions */,
			);
			buildRules = (
			);
			dependencies = (
				440A6BEF2B410A1C006E760C /* PBXTargetDependency */,
			);
			name = "interactive-widget-test";
			productName = "interactive-widget-test";
			productReference = 44A131F02B40E38F00D7DE42 /* interactive-widget-test.app */;
			productType = "com.apple.product-type.application";
		};
/* End PBXNativeTarget section */

/* Begin PBXProject section */
		44A131E82B40E38E00D7DE42 /* Project object */ = {
			isa = PBXProject;
			attributes = {
				BuildIndependentTargetsInParallel = 1;
				LastSwiftUpdateCheck = 1510;
				LastUpgradeCheck = 1510;
				TargetAttributes = {
					440A6BDD2B410A1B006E760C = {
						CreatedOnToolsVersion = 15.1;
					};
					44A131EF2B40E38F00D7DE42 = {
						CreatedOnToolsVersion = 15.1;
					};
				};
			};
			buildConfigurationList = 44A131EB2B40E38E00D7DE42 /* Build configuration list for PBXProject "interactive-widget-test" */;
			compatibilityVersion = "Xcode 14.0";
			developmentRegion = en;
			hasScannedForEncodings = 0;
			knownRegions = (
				en,
				Base,
			);
			mainGroup = 44A131E72B40E38E00D7DE42;
			productRefGroup = 44A131F12B40E38F00D7DE42 /* Products */;
			projectDirPath = "";
			projectRoot = "";
			targets = (
				44A131EF2B40E38F00D7DE42 /* interactive-widget-test */,
				440A6BDD2B410A1B006E760C /* widgetExtension */,
			);
		};
/* End PBXProject section */

/* Begin PBXResourcesBuildPhase section */
		440A6BDC2B410A1B006E760C /* Resources */ = {
			isa = PBXResourcesBuildPhase;
			buildActionMask = 2147483647;
			files = (
				440A6BEC2B410A1C006E760C /* Assets.xcassets in Resources */,
			);
			runOnlyForDeploymentPostprocessing = 0;
		};
		44A131EE2B40E38F00D7DE42 /* Resources */ = {
			isa = PBXResourcesBuildPhase;
			buildActionMask = 2147483647;
			files = (
				44A131FB2B40E39000D7DE42 /* Preview Assets.xcassets in Resources */,
				44A131F82B40E39000D7DE42 /* Assets.xcassets in Resources */,
			);
			runOnlyForDeploymentPostprocessing = 0;
		};
/* End PBXResourcesBuildPhase section */

/* Begin PBXSourcesBuildPhase section */
		440A6BDA2B410A1B006E760C /* Sources */ = {
			isa = PBXSourcesBuildPhase;
			buildActionMask = 2147483647;
			files = (
				440A6BF82B420A4F006E760C /* SharedData.swift in Sources */,
				440A6BE62B410A1B006E760C /* widgetBundle.swift in Sources */,
				440A6BE82B410A1B006E760C /* widget.swift in Sources */,
				440A6BEA2B410A1B006E760C /* AppIntent.swift in Sources */,
			);
			runOnlyForDeploymentPostprocessing = 0;
		};
		44A131EC2B40E38F00D7DE42 /* Sources */ = {
			isa = PBXSourcesBuildPhase;
			buildActionMask = 2147483647;
			files = (
				440A6BF72B420A4F006E760C /* SharedData.swift in Sources */,
				44A131F62B40E38F00D7DE42 /* ContentView.swift in Sources */,
				44A131F42B40E38F00D7DE42 /* interactive_widget_testApp.swift in Sources */,
			);
			runOnlyForDeploymentPostprocessing = 0;
		};
/* End PBXSourcesBuildPhase section */

/* Begin PBXTargetDependency section */
		440A6BEF2B410A1C006E760C /* PBXTargetDependency */ = {
			isa = PBXTargetDependency;
			target = 440A6BDD2B410A1B006E760C /* widgetExtension */;
			targetProxy = 440A6BEE2B410A1C006E760C /* PBXContainerItemProxy */;
		};
/* End PBXTargetDependency section */

/* Begin XCBuildConfiguration section */
		440A6BF22B410A1C006E760C /* Debug */ = {
			isa = XCBuildConfiguration;
			buildSettings = {
				ASSETCATALOG_COMPILER_GLOBAL_ACCENT_COLOR_NAME = AccentColor;
				ASSETCATALOG_COMPILER_WIDGET_BACKGROUND_COLOR_NAME = WidgetBackground;
				CODE_SIGN_ENTITLEMENTS = widgetExtension.entitlements;
				CODE_SIGN_STYLE = Automatic;
				CURRENT_PROJECT_VERSION = 1;
				DEVELOPMENT_TEAM = "";
				GENERATE_INFOPLIST_FILE = YES;
				INFOPLIST_FILE = widget/Info.plist;
				INFOPLIST_KEY_CFBundleDisplayName = widget;
				INFOPLIST_KEY_NSHumanReadableCopyright = "";
				LD_RUNPATH_SEARCH_PATHS = (
					"$(inherited)",
					"@executable_path/Frameworks",
					"@executable_path/../../Frameworks",
				);
				MARKETING_VERSION = 1.0;
				PRODUCT_BUNDLE_IDENTIFIER = "com.interactive-widget-test.widget";
				PRODUCT_NAME = "$(TARGET_NAME)";
				SKIP_INSTALL = YES;
				SWIFT_EMIT_LOC_STRINGS = YES;
				SWIFT_VERSION = 5.0;
				TARGETED_DEVICE_FAMILY = "1,2";
			};
			name = Debug;
		};
		440A6BF32B410A1C006E760C /* Release */ = {
			isa = XCBuildConfiguration;
			buildSettings = {
				ASSETCATALOG_COMPILER_GLOBAL_ACCENT_COLOR_NAME = AccentColor;
				ASSETCATALOG_COMPILER_WIDGET_BACKGROUND_COLOR_NAME = WidgetBackground;
				CODE_SIGN_ENTITLEMENTS = widgetExtension.entitlements;
				CODE_SIGN_STYLE = Automatic;
				CURRENT_PROJECT_VERSION = 1;
				DEVELOPMENT_TEAM = "";
				GENERATE_INFOPLIST_FILE = YES;
				INFOPLIST_FILE = widget/Info.plist;
				INFOPLIST_KEY_CFBundleDisplayName = widget;
				INFOPLIST_KEY_NSHumanReadableCopyright = "";
				LD_RUNPATH_SEARCH_PATHS = (
					"$(inherited)",
					"@executable_path/Frameworks",
					"@executable_path/../../Frameworks",
				);
				MARKETING_VERSION = 1.0;
				PRODUCT_BUNDLE_IDENTIFIER = "com.interactive-widget-test.widget";
				PRODUCT_NAME = "$(TARGET_NAME)";
				SKIP_INSTALL = YES;
				SWIFT_EMIT_LOC_STRINGS = YES;
				SWIFT_VERSION = 5.0;
				TARGETED_DEVICE_FAMILY = "1,2";
			};
			name = Release;
		};
		44A131FC2B40E39000D7DE42 /* Debug */ = {
			isa = XCBuildConfiguration;
			buildSettings = {
				ALWAYS_SEARCH_USER_PATHS = NO;
				ASSETCATALOG_COMPILER_GENERATE_SWIFT_ASSET_SYMBOL_EXTENSIONS = YES;
				CLANG_ANALYZER_NONNULL = YES;
				CLANG_ANALYZER_NUMBER_OBJECT_CONVERSION = YES_AGGRESSIVE;
				CLANG_CXX_LANGUAGE_STANDARD = "gnu++20";
				CLANG_ENABLE_MODULES = YES;
				CLANG_ENABLE_OBJC_ARC = YES;
				CLANG_ENABLE_OBJC_WEAK = YES;
				CLANG_WARN_BLOCK_CAPTURE_AUTORELEASING = YES;
				CLANG_WARN_BOOL_CONVERSION = YES;
				CLANG_WARN_COMMA = YES;
				CLANG_WARN_CONSTANT_CONVERSION = YES;
				CLANG_WARN_DEPRECATED_OBJC_IMPLEMENTATIONS = YES;
				CLANG_WARN_DIRECT_OBJC_ISA_USAGE = YES_ERROR;
				CLANG_WARN_DOCUMENTATION_COMMENTS = YES;
				CLANG_WARN_EMPTY_BODY = YES;
				CLANG_WARN_ENUM_CONVERSION = YES;
				CLANG_WARN_INFINITE_RECURSION = YES;
				CLANG_WARN_INT_CONVERSION = YES;
				CLANG_WARN_NON_LITERAL_NULL_CONVERSION = YES;
				CLANG_WARN_OBJC_IMPLICIT_RETAIN_SELF = YES;
				CLANG_WARN_OBJC_LITERAL_CONVERSION = YES;
				CLANG_WARN_OBJC_ROOT_CLASS = YES_ERROR;
				CLANG_WARN_QUOTED_INCLUDE_IN_FRAMEWORK_HEADER = YES;
				CLANG_WARN_RANGE_LOOP_ANALYSIS = YES;
				CLANG_WARN_STRICT_PROTOTYPES = YES;
				CLANG_WARN_SUSPICIOUS_MOVE = YES;
				CLANG_WARN_UNGUARDED_AVAILABILITY = YES_AGGRESSIVE;
				CLANG_WARN_UNREACHABLE_CODE = YES;
				CLANG_WARN__DUPLICATE_METHOD_MATCH = YES;
				COPY_PHASE_STRIP = NO;
				DEBUG_INFORMATION_FORMAT = dwarf;
				ENABLE_STRICT_OBJC_MSGSEND = YES;
				ENABLE_TESTABILITY = YES;
				ENABLE_USER_SCRIPT_SANDBOXING = YES;
				GCC_C_LANGUAGE_STANDARD = gnu17;
				GCC_DYNAMIC_NO_PIC = NO;
				GCC_NO_COMMON_BLOCKS = YES;
				GCC_OPTIMIZATION_LEVEL = 0;
				GCC_PREPROCESSOR_DEFINITIONS = (
					"DEBUG=1",
					"$(inherited)",
				);
				GCC_WARN_64_TO_32_BIT_CONVERSION = YES;
				GCC_WARN_ABOUT_RETURN_TYPE = YES_ERROR;
				GCC_WARN_UNDECLARED_SELECTOR = YES;
				GCC_WARN_UNINITIALIZED_AUTOS = YES_AGGRESSIVE;
				GCC_WARN_UNUSED_FUNCTION = YES;
				GCC_WARN_UNUSED_VARIABLE = YES;
				IPHONEOS_DEPLOYMENT_TARGET = 17.2;
				LOCALIZATION_PREFERS_STRING_CATALOGS = YES;
				MTL_ENABLE_DEBUG_INFO = INCLUDE_SOURCE;
				MTL_FAST_MATH = YES;
				ONLY_ACTIVE_ARCH = YES;
				SDKROOT = iphoneos;
				SWIFT_ACTIVE_COMPILATION_CONDITIONS = "DEBUG $(inherited)";
				SWIFT_OPTIMIZATION_LEVEL = "-Onone";
			};
			name = Debug;
		};
		44A131FD2B40E39000D7DE42 /* Release */ = {
			isa = XCBuildConfiguration;
			buildSettings = {
				ALWAYS_SEARCH_USER_PATHS = NO;
				ASSETCATALOG_COMPILER_GENERATE_SWIFT_ASSET_SYMBOL_EXTENSIONS = YES;
				CLANG_ANALYZER_NONNULL = YES;
				CLANG_ANALYZER_NUMBER_OBJECT_CONVERSION = YES_AGGRESSIVE;
				CLANG_CXX_LANGUAGE_STANDARD = "gnu++20";
				CLANG_ENABLE_MODULES = YES;
				CLANG_ENABLE_OBJC_ARC = YES;
				CLANG_ENABLE_OBJC_WEAK = YES;
				CLANG_WARN_BLOCK_CAPTURE_AUTORELEASING = YES;
				CLANG_WARN_BOOL_CONVERSION = YES;
				CLANG_WARN_COMMA = YES;
				CLANG_WARN_CONSTANT_CONVERSION = YES;
				CLANG_WARN_DEPRECATED_OBJC_IMPLEMENTATIONS = YES;
				CLANG_WARN_DIRECT_OBJC_ISA_USAGE = YES_ERROR;
				CLANG_WARN_DOCUMENTATION_COMMENTS = YES;
				CLANG_WARN_EMPTY_BODY = YES;
				CLANG_WARN_ENUM_CONVERSION = YES;
				CLANG_WARN_INFINITE_RECURSION = YES;
				CLANG_WARN_INT_CONVERSION = YES;
				CLANG_WARN_NON_LITERAL_NULL_CONVERSION = YES;
				CLANG_WARN_OBJC_IMPLICIT_RETAIN_SELF = YES;
				CLANG_WARN_OBJC_LITERAL_CONVERSION = YES;
				CLANG_WARN_OBJC_ROOT_CLASS = YES_ERROR;
				CLANG_WARN_QUOTED_INCLUDE_IN_FRAMEWORK_HEADER = YES;
				CLANG_WARN_RANGE_LOOP_ANALYSIS = YES;
				CLANG_WARN_STRICT_PROTOTYPES = YES;
				CLANG_WARN_SUSPICIOUS_MOVE = YES;
				CLANG_WARN_UNGUARDED_AVAILABILITY = YES_AGGRESSIVE;
				CLANG_WARN_UNREACHABLE_CODE = YES;
				CLANG_WARN__DUPLICATE_METHOD_MATCH = YES;
				COPY_PHASE_STRIP = NO;
				DEBUG_INFORMATION_FORMAT = "dwarf-with-dsym";
				ENABLE_NS_ASSERTIONS = NO;
				ENABLE_STRICT_OBJC_MSGSEND = YES;
				ENABLE_USER_SCRIPT_SANDBOXING = YES;
				GCC_C_LANGUAGE_STANDARD = gnu17;
				GCC_NO_COMMON_BLOCKS = YES;
				GCC_WARN_64_TO_32_BIT_CONVERSION = YES;
				GCC_WARN_ABOUT_RETURN_TYPE = YES_ERROR;
				GCC_WARN_UNDECLARED_SELECTOR = YES;
				GCC_WARN_UNINITIALIZED_AUTOS = YES_AGGRESSIVE;
				GCC_WARN_UNUSED_FUNCTION = YES;
				GCC_WARN_UNUSED_VARIABLE = YES;
				IPHONEOS_DEPLOYMENT_TARGET = 17.2;
				LOCALIZATION_PREFERS_STRING_CATALOGS = YES;
				MTL_ENABLE_DEBUG_INFO = NO;
				MTL_FAST_MATH = YES;
				SDKROOT = iphoneos;
				SWIFT_COMPILATION_MODE = wholemodule;
				VALIDATE_PRODUCT = YES;
			};
			name = Release;
		};
		44A131FF2B40E39000D7DE42 /* Debug */ = {
			isa = XCBuildConfiguration;
			buildSettings = {
				ALWAYS_EMBED_SWIFT_STANDARD_LIBRARIES = YES;
				ASSETCATALOG_COMPILER_APPICON_NAME = AppIcon;
				ASSETCATALOG_COMPILER_GLOBAL_ACCENT_COLOR_NAME = AccentColor;
				CODE_SIGN_ENTITLEMENTS = "interactive-widget-test/interactive-widget-test.entitlements";
				CODE_SIGN_STYLE = Automatic;
				CURRENT_PROJECT_VERSION = 1;
				DEVELOPMENT_ASSET_PATHS = "\"interactive-widget-test/Preview Content\"";
				DEVELOPMENT_TEAM = "";
				ENABLE_PREVIEWS = YES;
				GENERATE_INFOPLIST_FILE = YES;
				INFOPLIST_KEY_UIApplicationSceneManifest_Generation = YES;
				INFOPLIST_KEY_UIApplicationSupportsIndirectInputEvents = YES;
				INFOPLIST_KEY_UILaunchScreen_Generation = YES;
				INFOPLIST_KEY_UISupportedInterfaceOrientations_iPad = "UIInterfaceOrientationPortrait UIInterfaceOrientationPortraitUpsideDown UIInterfaceOrientationLandscapeLeft UIInterfaceOrientationLandscapeRight";
				INFOPLIST_KEY_UISupportedInterfaceOrientations_iPhone = "UIInterfaceOrientationPortrait UIInterfaceOrientationLandscapeLeft UIInterfaceOrientationLandscapeRight";
				LD_RUNPATH_SEARCH_PATHS = (
					"$(inherited)",
					"@executable_path/Frameworks",
				);
				MARKETING_VERSION = 1.0;
				PRODUCT_BUNDLE_IDENTIFIER = "com.interactive-widget-test";
				PRODUCT_NAME = "$(TARGET_NAME)";
				SWIFT_EMIT_LOC_STRINGS = YES;
				SWIFT_VERSION = 5.0;
				TARGETED_DEVICE_FAMILY = "1,2";
			};
			name = Debug;
		};
		44A132002B40E39000D7DE42 /* Release */ = {
			isa = XCBuildConfiguration;
			buildSettings = {
				ALWAYS_EMBED_SWIFT_STANDARD_LIBRARIES = YES;
				ASSETCATALOG_COMPILER_APPICON_NAME = AppIcon;
				ASSETCATALOG_COMPILER_GLOBAL_ACCENT_COLOR_NAME = AccentColor;
				CODE_SIGN_ENTITLEMENTS = "interactive-widget-test/interactive-widget-test.entitlements";
				CODE_SIGN_STYLE = Automatic;
				CURRENT_PROJECT_VERSION = 1;
				DEVELOPMENT_ASSET_PATHS = "\"interactive-widget-test/Preview Content\"";
				DEVELOPMENT_TEAM = "";
				ENABLE_PREVIEWS = YES;
				GENERATE_INFOPLIST_FILE = YES;
				INFOPLIST_KEY_UIApplicationSceneManifest_Generation = YES;
				INFOPLIST_KEY_UIApplicationSupportsIndirectInputEvents = YES;
				INFOPLIST_KEY_UILaunchScreen_Generation = YES;
				INFOPLIST_KEY_UISupportedInterfaceOrientations_iPad = "UIInterfaceOrientationPortrait UIInterfaceOrientationPortraitUpsideDown UIInterfaceOrientationLandscapeLeft UIInterfaceOrientationLandscapeRight";
				INFOPLIST_KEY_UISupportedInterfaceOrientations_iPhone = "UIInterfaceOrientationPortrait UIInterfaceOrientationLandscapeLeft UIInterfaceOrientationLandscapeRight";
				LD_RUNPATH_SEARCH_PATHS = (
					"$(inherited)",
					"@executable_path/Frameworks",
				);
				MARKETING_VERSION = 1.0;
				PRODUCT_BUNDLE_IDENTIFIER = "com.interactive-widget-test";
				PRODUCT_NAME = "$(TARGET_NAME)";
				SWIFT_EMIT_LOC_STRINGS = YES;
				SWIFT_VERSION = 5.0;
				TARGETED_DEVICE_FAMILY = "1,2";
			};
			name = Release;
		};
/* End XCBuildConfiguration section */

/* Begin XCConfigurationList section */
		440A6BF12B410A1C006E760C /* Build configuration list for PBXNativeTarget "widgetExtension" */ = {
			isa = XCConfigurationList;
			buildConfigurations = (
				440A6BF22B410A1C006E760C /* Debug */,
				440A6BF32B410A1C006E760C /* Release */,
			);
			defaultConfigurationIsVisible = 0;
			defaultConfigurationName = Release;
		};
		44A131EB2B40E38E00D7DE42 /* Build configuration list for PBXProject "interactive-widget-test" */ = {
			isa = XCConfigurationList;
			buildConfigurations = (
				44A131FC2B40E39000D7DE42 /* Debug */,
				44A131FD2B40E39000D7DE42 /* Release */,
			);
			defaultConfigurationIsVisible = 0;
			defaultConfigurationName = Release;
		};
		44A131FE2B40E39000D7DE42 /* Build configuration list for PBXNativeTarget "interactive-widget-test" */ = {
			isa = XCConfigurationList;
			buildConfigurations = (
				44A131FF2B40E39000D7DE42 /* Debug */,
				44A132002B40E39000D7DE42 /* Release */,
			);
			defaultConfigurationIsVisible = 0;
			defaultConfigurationName = Release;
		};
/* End XCConfigurationList section */
	};
	rootObject = 44A131E82B40E38E00D7DE42 /* Project object */;
}
